
Microsoft Visual Studio Solution File, Format Version 12.00
# Visual Studio Version 17
VisualStudioVersion = 17.5.33424.131
MinimumVisualStudioVersion = 10.0.40219.1
Project("{9A19103F-16F7-4668-BE54-9A1E7A4F7556}") = "CoreAngApp", "CoreAngApp\CoreAngApp.csproj", "{6492414E-0163-4673-B6BB-C9349DC0EE8C}"
EndProject
Project("{9A19103F-16F7-4668-BE54-9A1E7A4F7556}") = "Core", "Core\Core.csproj", "{556B5E8D-47F2-4E0D-9045-39A2DC23B6EC}"
EndProject
Project("{2150E333-8FDC-42A3-9474-1A3956D46DE8}") = "Modules", "Modules", "{E9EC4EEC-1537-4D2E-B3B7-7786439C88B7}"
EndProject
Project("{2150E333-8FDC-42A3-9474-1A3956D46DE8}") = "AuditLog", "AuditLog", "{2078174E-1AE7-47E1-A7C3-6B6FE7EEB790}"
EndProject
Project("{2150E333-8FDC-42A3-9474-1A3956D46DE8}") = "Security", "Security", "{4C9FD073-A9BC-4A8F-8B16-9007BF23559E}"
EndProject
Project("{9A19103F-16F7-4668-BE54-9A1E7A4F7556}") = "SecurityApp", "Modules\Security\SecurityApp\SecurityApp.csproj", "{4209873F-40DB-418D-B316-B280027B7FC9}"
EndProject
Project("{9A19103F-16F7-4668-BE54-9A1E7A4F7556}") = "SecurityApp.Application", "Modules\Security\SecurityApp.Application\SecurityApp.Application.csproj", "{6699D46E-DA64-41D3-BCE4-8DC76926E7D7}"
EndProject
Project("{9A19103F-16F7-4668-BE54-9A1E7A4F7556}") = "SecurityApp.Domain", "Modules\Security\SecurityApp.Domain\SecurityApp.Domain.csproj", "{63F3767B-1B43-48F7-8F06-7A74200E1B40}"
EndProject
Project("{9A19103F-16F7-4668-BE54-9A1E7A4F7556}") = "SecurityApp.Infrastructure", "Modules\Security\SecurityApp.Infrastructure\SecurityApp.Infrastructure.csproj", "{EA7DEC61-B153-45D0-8FB7-8DC7A51E8147}"
EndProject
Project("{9A19103F-16F7-4668-BE54-9A1E7A4F7556}") = "AuditLog", "Modules\AuditLog\App\AuditLog.csproj", "{1C505CB8-A244-47FE-95F9-1CAB8A630E3E}"
EndProject
Project("{9A19103F-16F7-4668-BE54-9A1E7A4F7556}") = "AuditLog.Infrastructure", "Modules\AuditLog\AuditLog.Infrastructure\AuditLog.Infrastructure.csproj", "{9870323E-B3E5-4546-AAAA-C2178BD91EE9}"
EndProject
Project("{9A19103F-16F7-4668-BE54-9A1E7A4F7556}") = "AuditLog.Application", "Modules\AuditLog\AuditLog.Application\AuditLog.Application.csproj", "{F98D1E7D-C105-4FB8-BCF0-405F1110A6F5}"
EndProject
Project("{2150E333-8FDC-42A3-9474-1A3956D46DE8}") = "DataSync", "DataSync", "{194D2AEB-8877-434A-BDF2-538A62519795}"
EndProject
Project("{9A19103F-16F7-4668-BE54-9A1E7A4F7556}") = "DataSyncApp", "Modules\DataSync\DataSyncApp\DataSyncApp.csproj", "{097FF115-B1F8-48F3-BBDB-3D6BA8C69ADC}"
EndProject
Project("{9A19103F-16F7-4668-BE54-9A1E7A4F7556}") = "DataSyncApp.Infrastructure", "Modules\DataSync\DataSyncApp.Infrastructure\DataSyncApp.Infrastructure.csproj", "{1C655259-937E-44C6-A782-8237D6DEEB1B}"
EndProject
Project("{9A19103F-16F7-4668-BE54-9A1E7A4F7556}") = "DataSyncApp.Application", "Modules\DataSync\DataSyncApp.Application\DataSyncApp.Application.csproj", "{B95B71CC-E2AE-4298-8CA0-E0A073AAE417}"
EndProject
Project("{2150E333-8FDC-42A3-9474-1A3956D46DE8}") = "AppConfiguration", "AppConfiguration", "{B974F519-35B0-4A00-9F2B-78677423BC2F}"
EndProject
Project("{9A19103F-16F7-4668-BE54-9A1E7A4F7556}") = "ConfigureApp", "Modules\AppConfiguration\ConfigureApp\ConfigureApp.csproj", "{1FB3D977-E8F7-4993-86A5-10A8A59496C8}"
EndProject
Project("{9A19103F-16F7-4668-BE54-9A1E7A4F7556}") = "ConfigureApp.Application", "Modules\AppConfiguration\ConfigureApp.Application\ConfigureApp.Application.csproj", "{7AE192E5-58AC-498D-9AF6-65E211A5D715}"
EndProject
Project("{9A19103F-16F7-4668-BE54-9A1E7A4F7556}") = "ConfigureApp.Infrastructure", "Modules\AppConfiguration\ConfigureApp.Infrastructure\ConfigureApp.Infrastructure.csproj", "{CD321D02-CECE-44C7-9837-EEB8C8349C12}"
EndProject
Project("{2150E333-8FDC-42A3-9474-1A3956D46DE8}") = "OAuthProviders", "OAuthProviders", "{7818D5A0-8707-457F-9773-982D43B1A26F}"
EndProject
Project("{FAE04EC0-301F-11D3-BF4B-00C04F79EFBC}") = "ProvidersApp", "Modules\OAuthProviders\ProvidersApp\ProvidersApp.csproj", "{70A33734-0A5E-4EC5-A983-0E74DF0FB919}"
EndProject
Project("{FAE04EC0-301F-11D3-BF4B-00C04F79EFBC}") = "Providers.Domain", "Modules\OAuthProviders\Providers.Domain\Providers.Domain.csproj", "{F6F6E48E-799B-4C5C-A87F-7F90118725E5}"
EndProject
Project("{FAE04EC0-301F-11D3-BF4B-00C04F79EFBC}") = "Providers.Infrastructure", "Modules\OAuthProviders\Providers.Infrastructure\Providers.Infrastructure.csproj", "{02C223C0-C34B-4209-946E-13FB8DB4268C}"
EndProject
Project("{FAE04EC0-301F-11D3-BF4B-00C04F79EFBC}") = "Providers.Application", "Modules\OAuthProviders\Providers.Application\Providers.Application.csproj", "{A39F3425-18D8-4CCB-AC7C-D97B38A180D2}"
EndProject
Global
	GlobalSection(SolutionConfigurationPlatforms) = preSolution
		Debug|Any CPU = Debug|Any CPU
		Release|Any CPU = Release|Any CPU
	EndGlobalSection
	GlobalSection(ProjectConfigurationPlatforms) = postSolution
		{6492414E-0163-4673-B6BB-C9349DC0EE8C}.Debug|Any CPU.ActiveCfg = Debug|Any CPU
		{6492414E-0163-4673-B6BB-C9349DC0EE8C}.Debug|Any CPU.Build.0 = Debug|Any CPU
		{6492414E-0163-4673-B6BB-C9349DC0EE8C}.Release|Any CPU.ActiveCfg = Release|Any CPU
		{6492414E-0163-4673-B6BB-C9349DC0EE8C}.Release|Any CPU.Build.0 = Release|Any CPU
		{556B5E8D-47F2-4E0D-9045-39A2DC23B6EC}.Debug|Any CPU.ActiveCfg = Debug|Any CPU
		{556B5E8D-47F2-4E0D-9045-39A2DC23B6EC}.Debug|Any CPU.Build.0 = Debug|Any CPU
		{556B5E8D-47F2-4E0D-9045-39A2DC23B6EC}.Release|Any CPU.ActiveCfg = Release|Any CPU
		{556B5E8D-47F2-4E0D-9045-39A2DC23B6EC}.Release|Any CPU.Build.0 = Release|Any CPU
		{4209873F-40DB-418D-B316-B280027B7FC9}.Debug|Any CPU.ActiveCfg = Debug|Any CPU
		{4209873F-40DB-418D-B316-B280027B7FC9}.Debug|Any CPU.Build.0 = Debug|Any CPU
		{4209873F-40DB-418D-B316-B280027B7FC9}.Release|Any CPU.ActiveCfg = Release|Any CPU
		{4209873F-40DB-418D-B316-B280027B7FC9}.Release|Any CPU.Build.0 = Release|Any CPU
		{6699D46E-DA64-41D3-BCE4-8DC76926E7D7}.Debug|Any CPU.ActiveCfg = Debug|Any CPU
		{6699D46E-DA64-41D3-BCE4-8DC76926E7D7}.Debug|Any CPU.Build.0 = Debug|Any CPU
		{6699D46E-DA64-41D3-BCE4-8DC76926E7D7}.Release|Any CPU.ActiveCfg = Release|Any CPU
		{6699D46E-DA64-41D3-BCE4-8DC76926E7D7}.Release|Any CPU.Build.0 = Release|Any CPU
		{63F3767B-1B43-48F7-8F06-7A74200E1B40}.Debug|Any CPU.ActiveCfg = Debug|Any CPU
		{63F3767B-1B43-48F7-8F06-7A74200E1B40}.Debug|Any CPU.Build.0 = Debug|Any CPU
		{63F3767B-1B43-48F7-8F06-7A74200E1B40}.Release|Any CPU.ActiveCfg = Release|Any CPU
		{63F3767B-1B43-48F7-8F06-7A74200E1B40}.Release|Any CPU.Build.0 = Release|Any CPU
		{EA7DEC61-B153-45D0-8FB7-8DC7A51E8147}.Debug|Any CPU.ActiveCfg = Debug|Any CPU
		{EA7DEC61-B153-45D0-8FB7-8DC7A51E8147}.Debug|Any CPU.Build.0 = Debug|Any CPU
		{EA7DEC61-B153-45D0-8FB7-8DC7A51E8147}.Release|Any CPU.ActiveCfg = Release|Any CPU
		{EA7DEC61-B153-45D0-8FB7-8DC7A51E8147}.Release|Any CPU.Build.0 = Release|Any CPU
		{1C505CB8-A244-47FE-95F9-1CAB8A630E3E}.Debug|Any CPU.ActiveCfg = Debug|Any CPU
		{1C505CB8-A244-47FE-95F9-1CAB8A630E3E}.Debug|Any CPU.Build.0 = Debug|Any CPU
		{1C505CB8-A244-47FE-95F9-1CAB8A630E3E}.Release|Any CPU.ActiveCfg = Release|Any CPU
		{1C505CB8-A244-47FE-95F9-1CAB8A630E3E}.Release|Any CPU.Build.0 = Release|Any CPU
		{9870323E-B3E5-4546-AAAA-C2178BD91EE9}.Debug|Any CPU.ActiveCfg = Debug|Any CPU
		{9870323E-B3E5-4546-AAAA-C2178BD91EE9}.Debug|Any CPU.Build.0 = Debug|Any CPU
		{9870323E-B3E5-4546-AAAA-C2178BD91EE9}.Release|Any CPU.ActiveCfg = Release|Any CPU
		{9870323E-B3E5-4546-AAAA-C2178BD91EE9}.Release|Any CPU.Build.0 = Release|Any CPU
		{F98D1E7D-C105-4FB8-BCF0-405F1110A6F5}.Debug|Any CPU.ActiveCfg = Debug|Any CPU
		{F98D1E7D-C105-4FB8-BCF0-405F1110A6F5}.Debug|Any CPU.Build.0 = Debug|Any CPU
		{F98D1E7D-C105-4FB8-BCF0-405F1110A6F5}.Release|Any CPU.ActiveCfg = Release|Any CPU
		{F98D1E7D-C105-4FB8-BCF0-405F1110A6F5}.Release|Any CPU.Build.0 = Release|Any CPU
		{097FF115-B1F8-48F3-BBDB-3D6BA8C69ADC}.Debug|Any CPU.ActiveCfg = Debug|Any CPU
		{097FF115-B1F8-48F3-BBDB-3D6BA8C69ADC}.Debug|Any CPU.Build.0 = Debug|Any CPU
		{097FF115-B1F8-48F3-BBDB-3D6BA8C69ADC}.Release|Any CPU.ActiveCfg = Release|Any CPU
		{097FF115-B1F8-48F3-BBDB-3D6BA8C69ADC}.Release|Any CPU.Build.0 = Release|Any CPU
		{1C655259-937E-44C6-A782-8237D6DEEB1B}.Debug|Any CPU.ActiveCfg = Debug|Any CPU
		{1C655259-937E-44C6-A782-8237D6DEEB1B}.Debug|Any CPU.Build.0 = Debug|Any CPU
		{1C655259-937E-44C6-A782-8237D6DEEB1B}.Release|Any CPU.ActiveCfg = Release|Any CPU
		{1C655259-937E-44C6-A782-8237D6DEEB1B}.Release|Any CPU.Build.0 = Release|Any CPU
		{B95B71CC-E2AE-4298-8CA0-E0A073AAE417}.Debug|Any CPU.ActiveCfg = Debug|Any CPU
		{B95B71CC-E2AE-4298-8CA0-E0A073AAE417}.Debug|Any CPU.Build.0 = Debug|Any CPU
		{B95B71CC-E2AE-4298-8CA0-E0A073AAE417}.Release|Any CPU.ActiveCfg = Release|Any CPU
		{B95B71CC-E2AE-4298-8CA0-E0A073AAE417}.Release|Any CPU.Build.0 = Release|Any CPU
		{1FB3D977-E8F7-4993-86A5-10A8A59496C8}.Debug|Any CPU.ActiveCfg = Debug|Any CPU
		{1FB3D977-E8F7-4993-86A5-10A8A59496C8}.Debug|Any CPU.Build.0 = Debug|Any CPU
		{1FB3D977-E8F7-4993-86A5-10A8A59496C8}.Release|Any CPU.ActiveCfg = Release|Any CPU
		{1FB3D977-E8F7-4993-86A5-10A8A59496C8}.Release|Any CPU.Build.0 = Release|Any CPU
		{7AE192E5-58AC-498D-9AF6-65E211A5D715}.Debug|Any CPU.ActiveCfg = Debug|Any CPU
		{7AE192E5-58AC-498D-9AF6-65E211A5D715}.Debug|Any CPU.Build.0 = Debug|Any CPU
		{7AE192E5-58AC-498D-9AF6-65E211A5D715}.Release|Any CPU.ActiveCfg = Release|Any CPU
		{7AE192E5-58AC-498D-9AF6-65E211A5D715}.Release|Any CPU.Build.0 = Release|Any CPU
		{CD321D02-CECE-44C7-9837-EEB8C8349C12}.Debug|Any CPU.ActiveCfg = Debug|Any CPU
		{CD321D02-CECE-44C7-9837-EEB8C8349C12}.Debug|Any CPU.Build.0 = Debug|Any CPU
		{CD321D02-CECE-44C7-9837-EEB8C8349C12}.Release|Any CPU.ActiveCfg = Release|Any CPU
		{CD321D02-CECE-44C7-9837-EEB8C8349C12}.Release|Any CPU.Build.0 = Release|Any CPU
		{70A33734-0A5E-4EC5-A983-0E74DF0FB919}.Debug|Any CPU.ActiveCfg = Debug|Any CPU
		{70A33734-0A5E-4EC5-A983-0E74DF0FB919}.Debug|Any CPU.Build.0 = Debug|Any CPU
		{70A33734-0A5E-4EC5-A983-0E74DF0FB919}.Release|Any CPU.ActiveCfg = Release|Any CPU
		{70A33734-0A5E-4EC5-A983-0E74DF0FB919}.Release|Any CPU.Build.0 = Release|Any CPU
		{F6F6E48E-799B-4C5C-A87F-7F90118725E5}.Debug|Any CPU.ActiveCfg = Debug|Any CPU
		{F6F6E48E-799B-4C5C-A87F-7F90118725E5}.Debug|Any CPU.Build.0 = Debug|Any CPU
		{F6F6E48E-799B-4C5C-A87F-7F90118725E5}.Release|Any CPU.ActiveCfg = Release|Any CPU
		{F6F6E48E-799B-4C5C-A87F-7F90118725E5}.Release|Any CPU.Build.0 = Release|Any CPU
		{02C223C0-C34B-4209-946E-13FB8DB4268C}.Debug|Any CPU.ActiveCfg = Debug|Any CPU
		{02C223C0-C34B-4209-946E-13FB8DB4268C}.Debug|Any CPU.Build.0 = Debug|Any CPU
		{02C223C0-C34B-4209-946E-13FB8DB4268C}.Release|Any CPU.ActiveCfg = Release|Any CPU
		{02C223C0-C34B-4209-946E-13FB8DB4268C}.Release|Any CPU.Build.0 = Release|Any CPU
		{A39F3425-18D8-4CCB-AC7C-D97B38A180D2}.Debug|Any CPU.ActiveCfg = Debug|Any CPU
		{A39F3425-18D8-4CCB-AC7C-D97B38A180D2}.Debug|Any CPU.Build.0 = Debug|Any CPU
		{A39F3425-18D8-4CCB-AC7C-D97B38A180D2}.Release|Any CPU.ActiveCfg = Release|Any CPU
		{A39F3425-18D8-4CCB-AC7C-D97B38A180D2}.Release|Any CPU.Build.0 = Release|Any CPU
	EndGlobalSection
	GlobalSection(SolutionProperties) = preSolution
		HideSolutionNode = FALSE
	EndGlobalSection
	GlobalSection(NestedProjects) = preSolution
		{2078174E-1AE7-47E1-A7C3-6B6FE7EEB790} = {E9EC4EEC-1537-4D2E-B3B7-7786439C88B7}
		{4C9FD073-A9BC-4A8F-8B16-9007BF23559E} = {E9EC4EEC-1537-4D2E-B3B7-7786439C88B7}
		{4209873F-40DB-418D-B316-B280027B7FC9} = {4C9FD073-A9BC-4A8F-8B16-9007BF23559E}
		{6699D46E-DA64-41D3-BCE4-8DC76926E7D7} = {4C9FD073-A9BC-4A8F-8B16-9007BF23559E}
		{63F3767B-1B43-48F7-8F06-7A74200E1B40} = {4C9FD073-A9BC-4A8F-8B16-9007BF23559E}
		{EA7DEC61-B153-45D0-8FB7-8DC7A51E8147} = {4C9FD073-A9BC-4A8F-8B16-9007BF23559E}
		{1C505CB8-A244-47FE-95F9-1CAB8A630E3E} = {2078174E-1AE7-47E1-A7C3-6B6FE7EEB790}
		{9870323E-B3E5-4546-AAAA-C2178BD91EE9} = {2078174E-1AE7-47E1-A7C3-6B6FE7EEB790}
		{F98D1E7D-C105-4FB8-BCF0-405F1110A6F5} = {2078174E-1AE7-47E1-A7C3-6B6FE7EEB790}
		{194D2AEB-8877-434A-BDF2-538A62519795} = {E9EC4EEC-1537-4D2E-B3B7-7786439C88B7}
		{097FF115-B1F8-48F3-BBDB-3D6BA8C69ADC} = {194D2AEB-8877-434A-BDF2-538A62519795}
		{1C655259-937E-44C6-A782-8237D6DEEB1B} = {194D2AEB-8877-434A-BDF2-538A62519795}
		{B95B71CC-E2AE-4298-8CA0-E0A073AAE417} = {194D2AEB-8877-434A-BDF2-538A62519795}
		{B974F519-35B0-4A00-9F2B-78677423BC2F} = {E9EC4EEC-1537-4D2E-B3B7-7786439C88B7}
		{1FB3D977-E8F7-4993-86A5-10A8A59496C8} = {B974F519-35B0-4A00-9F2B-78677423BC2F}
		{7AE192E5-58AC-498D-9AF6-65E211A5D715} = {B974F519-35B0-4A00-9F2B-78677423BC2F}
		{CD321D02-CECE-44C7-9837-EEB8C8349C12} = {B974F519-35B0-4A00-9F2B-78677423BC2F}
		{7818D5A0-8707-457F-9773-982D43B1A26F} = {E9EC4EEC-1537-4D2E-B3B7-7786439C88B7}
		{70A33734-0A5E-4EC5-A983-0E74DF0FB919} = {7818D5A0-8707-457F-9773-982D43B1A26F}
		{F6F6E48E-799B-4C5C-A87F-7F90118725E5} = {7818D5A0-8707-457F-9773-982D43B1A26F}
		{02C223C0-C34B-4209-946E-13FB8DB4268C} = {7818D5A0-8707-457F-9773-982D43B1A26F}
		{A39F3425-18D8-4CCB-AC7C-D97B38A180D2} = {7818D5A0-8707-457F-9773-982D43B1A26F}
	EndGlobalSection
	GlobalSection(ExtensibilityGlobals) = postSolution
		SolutionGuid = {4F7AF178-54CA-4CAD-90A2-63D0598F4A29}
	EndGlobalSection
EndGlobal
